{
  "name": "nixzx",
  "lockfileVersion": 3,
  "requires": true,
  "packages": {
    "": {
      "dependencies": {
        "zx": "github:google/zx"
      }
    },
    "node_modules/zx": {
      "version": "8.8.0",
      "resolved": "git+ssh://git@github.com/google/zx.git#820a85c299a8a4e9b8cddde197fbf03d9e2bc080",
      "license": "Apache-2.0",
      "bin": {
        "zx": "build/cli.js"
      },
      "engines": {
        "node": ">= 12.17.0"
      }
    }
  }
}
